{
  "originHash" : "46437c4775f668187a3ead20312a8de66b074efad470a1d4ed4b8e81f86385ba",
  "pins" : [
    {
      "identity" : "dbus-swift",
      "kind" : "remoteSourceControl",
      "location" : "https://github.com/suransea/dbus-swift",
      "state" : {
        "revision" : "59aaab503f4a023029c868a9a6972245ee46f2d2",
        "version" : "0.0.3"
      }
    },
    {
      "identity" : "swift-docc-plugin",
      "kind" : "remoteSourceControl",
      "location" : "https://github.com/apple/swift-docc-plugin",
      "state" : {
        "revision" : "85e4bb4e1cd62cec64a4b8e769dcefdf0c5b9d64",
        "version" : "1.4.3"
      }
    },
    {
      "identity" : "swift-docc-symbolkit",
      "kind" : "remoteSourceControl",
      "location" : "https://github.com/swiftlang/swift-docc-symbolkit",
      "state" : {
        "revision" : "b45d1f2ed151d057b54504d653e0da5552844e34",
        "version" : "1.0.0"
      }
    }
  ],
  "version" : 3
}
